
Microsoft Visual Studio Solution File, Format Version 12.00
# Visual Studio 14
VisualStudioVersion = 14.0.25420.1
MinimumVisualStudioVersion = 10.0.40219.1
Project("{FAE04EC0-301F-11D3-BF4B-00C04F79EFBC}") = "NamingServiceExecutable", "NamingServiceExecutable\NamingServiceExecutable.csproj", "{4C9749A8-6097-45F1-ADC5-AD7FDAA04EC6}"
EndProject
Project("{FAE04EC0-301F-11D3-BF4B-00C04F79EFBC}") = "ORB", "ORB\ORB.csproj", "{0B052EC4-4F9C-48CE-A718-005EB15D7E04}"
EndProject
Project("{FAE04EC0-301F-11D3-BF4B-00C04F79EFBC}") = "Test", "Test\Test.csproj", "{E5E3E83A-4D34-4EF2-9322-D9EFB86E92A6}"
EndProject
Project("{FAE04EC0-301F-11D3-BF4B-00C04F79EFBC}") = "ClientExecutable", "ClientExecutable\ClientExecutable.csproj", "{B6630E60-E38D-4419-9869-050461D1075C}"
EndProject
Project("{FAE04EC0-301F-11D3-BF4B-00C04F79EFBC}") = "ServerExecutable", "ServerExecutable\ServerExecutable.csproj", "{CD93256A-BF62-4B0D-BE90-C80CFE5B4E3E}"
EndProject
Global
	GlobalSection(SolutionConfigurationPlatforms) = preSolution
		Debug|Any CPU = Debug|Any CPU
		Release|Any CPU = Release|Any CPU
	EndGlobalSection
	GlobalSection(ProjectConfigurationPlatforms) = postSolution
		{4C9749A8-6097-45F1-ADC5-AD7FDAA04EC6}.Debug|Any CPU.ActiveCfg = Debug|Any CPU
		{4C9749A8-6097-45F1-ADC5-AD7FDAA04EC6}.Debug|Any CPU.Build.0 = Debug|Any CPU
		{4C9749A8-6097-45F1-ADC5-AD7FDAA04EC6}.Release|Any CPU.ActiveCfg = Release|Any CPU
		{4C9749A8-6097-45F1-ADC5-AD7FDAA04EC6}.Release|Any CPU.Build.0 = Release|Any CPU
		{0B052EC4-4F9C-48CE-A718-005EB15D7E04}.Debug|Any CPU.ActiveCfg = Debug|Any CPU
		{0B052EC4-4F9C-48CE-A718-005EB15D7E04}.Debug|Any CPU.Build.0 = Debug|Any CPU
		{0B052EC4-4F9C-48CE-A718-005EB15D7E04}.Release|Any CPU.ActiveCfg = Release|Any CPU
		{0B052EC4-4F9C-48CE-A718-005EB15D7E04}.Release|Any CPU.Build.0 = Release|Any CPU
		{E5E3E83A-4D34-4EF2-9322-D9EFB86E92A6}.Debug|Any CPU.ActiveCfg = Debug|Any CPU
		{E5E3E83A-4D34-4EF2-9322-D9EFB86E92A6}.Debug|Any CPU.Build.0 = Debug|Any CPU
		{E5E3E83A-4D34-4EF2-9322-D9EFB86E92A6}.Release|Any CPU.ActiveCfg = Release|Any CPU
		{E5E3E83A-4D34-4EF2-9322-D9EFB86E92A6}.Release|Any CPU.Build.0 = Release|Any CPU
		{B6630E60-E38D-4419-9869-050461D1075C}.Debug|Any CPU.ActiveCfg = Debug|Any CPU
		{B6630E60-E38D-4419-9869-050461D1075C}.Debug|Any CPU.Build.0 = Debug|Any CPU
		{B6630E60-E38D-4419-9869-050461D1075C}.Release|Any CPU.ActiveCfg = Release|Any CPU
		{B6630E60-E38D-4419-9869-050461D1075C}.Release|Any CPU.Build.0 = Release|Any CPU
		{CD93256A-BF62-4B0D-BE90-C80CFE5B4E3E}.Debug|Any CPU.ActiveCfg = Debug|Any CPU
		{CD93256A-BF62-4B0D-BE90-C80CFE5B4E3E}.Debug|Any CPU.Build.0 = Debug|Any CPU
		{CD93256A-BF62-4B0D-BE90-C80CFE5B4E3E}.Release|Any CPU.ActiveCfg = Release|Any CPU
		{CD93256A-BF62-4B0D-BE90-C80CFE5B4E3E}.Release|Any CPU.Build.0 = Release|Any CPU
	EndGlobalSection
	GlobalSection(SolutionProperties) = preSolution
		HideSolutionNode = FALSE
	EndGlobalSection
EndGlobal
